
Microsoft Visual Studio Solution File, Format Version 12.00
# Visual Studio Version 17
VisualStudioVersion = 17.5.002.0
MinimumVisualStudioVersion = 10.0.40219.1
Project("{2150E333-8FDC-42A3-9474-1A3956D46DE8}") = "src", "src", "{EF63229B-7928-430A-A9DF-1BC8FC0FD1CA}"
EndProject
Project("{9A19103F-16F7-4668-BE54-9A1E7A4F7556}") = "api", "src\api\api.csproj", "{3652F649-E6B3-4793-90AB-948245466BEB}"
EndProject
Global
	GlobalSection(SolutionConfigurationPlatforms) = preSolution
		Debug|Any CPU = Debug|Any CPU
		Release|Any CPU = Release|Any CPU
	EndGlobalSection
	GlobalSection(ProjectConfigurationPlatforms) = postSolution
		{3652F649-E6B3-4793-90AB-948245466BEB}.Debug|Any CPU.ActiveCfg = Debug|Any CPU
		{3652F649-E6B3-4793-90AB-948245466BEB}.Debug|Any CPU.Build.0 = Debug|Any CPU
		{3652F649-E6B3-4793-90AB-948245466BEB}.Release|Any CPU.ActiveCfg = Release|Any CPU
		{3652F649-E6B3-4793-90AB-948245466BEB}.Release|Any CPU.Build.0 = Release|Any CPU
	EndGlobalSection
	GlobalSection(SolutionProperties) = preSolution
		HideSolutionNode = FALSE
	EndGlobalSection
	GlobalSection(NestedProjects) = preSolution
		{3652F649-E6B3-4793-90AB-948245466BEB} = {EF63229B-7928-430A-A9DF-1BC8FC0FD1CA}
	EndGlobalSection
	GlobalSection(ExtensibilityGlobals) = postSolution
		SolutionGuid = {6209B4B4-1DC4-4B2A-A0D2-56A4BD8AC27D}
	EndGlobalSection
EndGlobal
